
Microsoft Visual Studio Solution File, Format Version 12.00
# Visual Studio Version 17
VisualStudioVersion = 17.14.36310.24
MinimumVisualStudioVersion = 10.0.40219.1
Project("{FAE04EC0-301F-11D3-BF4B-00C04F79EFBC}") = "CosmicDefenders", "CosmicDefenders\CosmicDefenders.csproj", "{C352F1E3-D001-4D20-9D5B-FBED56F978BE}"
EndProject
Global
	GlobalSection(SolutionConfigurationPlatforms) = preSolution
		Debug|Any CPU = Debug|Any CPU
		Release|Any CPU = Release|Any CPU
	EndGlobalSection
	GlobalSection(ProjectConfigurationPlatforms) = postSolution
		{C352F1E3-D001-4D20-9D5B-FBED56F978BE}.Debug|Any CPU.ActiveCfg = Debug|Any CPU
		{C352F1E3-D001-4D20-9D5B-FBED56F978BE}.Debug|Any CPU.Build.0 = Debug|Any CPU
		{C352F1E3-D001-4D20-9D5B-FBED56F978BE}.Release|Any CPU.ActiveCfg = Release|Any CPU
		{C352F1E3-D001-4D20-9D5B-FBED56F978BE}.Release|Any CPU.Build.0 = Release|Any CPU
	EndGlobalSection
	GlobalSection(SolutionProperties) = preSolution
		HideSolutionNode = FALSE
	EndGlobalSection
	GlobalSection(ExtensibilityGlobals) = postSolution
		SolutionGuid = {D156D065-3609-49DB-B719-E8F63EE698F3}
	EndGlobalSection
EndGlobal
